// !$*UTF8*$!
{
	archiveVersion = 1;
	classes = {
	};
	objectVersion = 50;
	objects = {

/* Begin PBXBuildFile section */
		576E9C69234E7B9900199B25 /* AppDelegate.swift in Sources */ = {isa = PBXBuildFile; fileRef = 576E9C68234E7B9900199B25 /* AppDelegate.swift */; };
		576E9C6B234E7B9900199B25 /* ViewController.swift in Sources */ = {isa = PBXBuildFile; fileRef = 576E9C6A234E7B9900199B25 /* ViewController.swift */; };
		576E9C6E234E7B9900199B25 /* Main.storyboard in Resources */ = {isa = PBXBuildFile; fileRef = 576E9C6C234E7B9900199B25 /* Main.storyboard */; };
		576E9C70234E7B9C00199B25 /* Assets.xcassets in Resources */ = {isa = PBXBuildFile; fileRef = 576E9C6F234E7B9C00199B25 /* Assets.xcassets */; };
		576E9C73234E7B9C00199B25 /* LaunchScreen.storyboard in Resources */ = {isa = PBXBuildFile; fileRef = 576E9C71234E7B9C00199B25 /* LaunchScreen.storyboard */; };
		576E9C89234EC08400199B25 /* CoffeeShops.json in Resources */ = {isa = PBXBuildFile; fileRef = 576E9C88234EC08400199B25 /* CoffeeShops.json */; };
		576E9C8B234EF0D800199B25 /* CoffeeShopItemView.xib in Resources */ = {isa = PBXBuildFile; fileRef = 576E9C8A234EF0D800199B25 /* CoffeeShopItemView.xib */; };
		576E9C8D234EF29E00199B25 /* CoffeeShopItemView.swift in Sources */ = {isa = PBXBuildFile; fileRef = 576E9C8C234EF29E00199B25 /* CoffeeShopItemView.swift */; };
		7A047B7426D997280031FC5E /* README.md in Resources */ = {isa = PBXBuildFile; fileRef = 7A047B7326D997280031FC5E /* README.md */; };
		820E4D27281BB47D00C38B64 /* ReviewDetailViewController.swift in Sources */ = {isa = PBXBuildFile; fileRef = 820E4D25281BB47D00C38B64 /* ReviewDetailViewController.swift */; };
		820E4D28281BB47D00C38B64 /* ReviewDetailViewController.xib in Resources */ = {isa = PBXBuildFile; fileRef = 820E4D26281BB47D00C38B64 /* ReviewDetailViewController.xib */; };
		824EAB2A281A9C0400E6A8E9 /* ReviewTableViewCell.swift in Sources */ = {isa = PBXBuildFile; fileRef = 824EAB29281A9C0400E6A8E9 /* ReviewTableViewCell.swift */; };
		824EAB2F281A9C6000E6A8E9 /* UIView+Extension.swift in Sources */ = {isa = PBXBuildFile; fileRef = 824EAB2C281A9C6000E6A8E9 /* UIView+Extension.swift */; };
		824EAB30281A9C6000E6A8E9 /* String+Extension.swift in Sources */ = {isa = PBXBuildFile; fileRef = 824EAB2D281A9C6000E6A8E9 /* String+Extension.swift */; };
		824EAB31281A9C6000E6A8E9 /* UITableView+Extension.swift in Sources */ = {isa = PBXBuildFile; fileRef = 824EAB2E281A9C6000E6A8E9 /* UITableView+Extension.swift */; };
		824EAB39281A9DC400E6A8E9 /* CoffeeShop.swift in Sources */ = {isa = PBXBuildFile; fileRef = 824EAB38281A9DC400E6A8E9 /* CoffeeShop.swift */; };
		824EAB66281A9FA300E6A8E9 /* ReviewViewModelTests.swift in Sources */ = {isa = PBXBuildFile; fileRef = 824EAB65281A9FA300E6A8E9 /* ReviewViewModelTests.swift */; };
		824EAB6A281AA6A100E6A8E9 /* SharedTestHelpers.swift in Sources */ = {isa = PBXBuildFile; fileRef = 824EAB68281AA6A100E6A8E9 /* SharedTestHelpers.swift */; };
		824EAB6B281AA6A100E6A8E9 /* XCTestCase+MemoryLeakTracking.swift in Sources */ = {isa = PBXBuildFile; fileRef = 824EAB69281AA6A100E6A8E9 /* XCTestCase+MemoryLeakTracking.swift */; };
		824EAB6E281AB30400E6A8E9 /* ReviewViewModel.swift in Sources */ = {isa = PBXBuildFile; fileRef = 824EAB6D281AB30400E6A8E9 /* ReviewViewModel.swift */; };
		824EAB72281ACB3B00E6A8E9 /* FileUtil.swift in Sources */ = {isa = PBXBuildFile; fileRef = 824EAB71281ACB3B00E6A8E9 /* FileUtil.swift */; };
		824EAB74281ACB9300E6A8E9 /* LocalFileReviewLoader.swift in Sources */ = {isa = PBXBuildFile; fileRef = 824EAB73281ACB9300E6A8E9 /* LocalFileReviewLoader.swift */; };
		824EAB77281ACBC700E6A8E9 /* ReviewLoader.swift in Sources */ = {isa = PBXBuildFile; fileRef = 824EAB76281ACBC700E6A8E9 /* ReviewLoader.swift */; };
		824EAB79281ACE1300E6A8E9 /* UIViewController+Extension.swift in Sources */ = {isa = PBXBuildFile; fileRef = 824EAB78281ACE1300E6A8E9 /* UIViewController+Extension.swift */; };
		824EAB7C281AE63C00E6A8E9 /* LocalFileReviewLoaderTests.swift in Sources */ = {isa = PBXBuildFile; fileRef = 824EAB7B281AE63C00E6A8E9 /* LocalFileReviewLoaderTests.swift */; };
		824EAB7E281AE75100E6A8E9 /* EndPoint.swift in Sources */ = {isa = PBXBuildFile; fileRef = 824EAB7D281AE75100E6A8E9 /* EndPoint.swift */; };
		824EAB80281AE78300E6A8E9 /* FileEndPoint.swift in Sources */ = {isa = PBXBuildFile; fileRef = 824EAB7F281AE78300E6A8E9 /* FileEndPoint.swift */; };
		824EAB82281AE91C00E6A8E9 /* Invalid.json in Resources */ = {isa = PBXBuildFile; fileRef = 824EAB81281AE91C00E6A8E9 /* Invalid.json */; };
		824EAB85281AF2C200E6A8E9 /* ViewControllerTests.swift in Sources */ = {isa = PBXBuildFile; fileRef = 824EAB84281AF2C200E6A8E9 /* ViewControllerTests.swift */; };
/* End PBXBuildFile section */

/* Begin PBXContainerItemProxy section */
		576E9C7A234E7B9C00199B25 /* PBXContainerItemProxy */ = {
			isa = PBXContainerItemProxy;
			containerPortal = 576E9C5D234E7B9900199B25 /* Project object */;
			proxyType = 1;
			remoteGlobalIDString = 576E9C64234E7B9900199B25;
			remoteInfo = SNInterview;
		};
/* End PBXContainerItemProxy section */

/* Begin PBXFileReference section */
		576E9C65234E7B9900199B25 /* SNInterview.app */ = {isa = PBXFileReference; explicitFileType = wrapper.application; includeInIndex = 0; path = SNInterview.app; sourceTree = BUILT_PRODUCTS_DIR; };
		576E9C68234E7B9900199B25 /* AppDelegate.swift */ = {isa = PBXFileReference; lastKnownFileType = sourcecode.swift; path = AppDelegate.swift; sourceTree = "<group>"; };
		576E9C6A234E7B9900199B25 /* ViewController.swift */ = {isa = PBXFileReference; lastKnownFileType = sourcecode.swift; path = ViewController.swift; sourceTree = "<group>"; };
		576E9C6D234E7B9900199B25 /* Base */ = {isa = PBXFileReference; lastKnownFileType = file.storyboard; name = Base; path = Base.lproj/Main.storyboard; sourceTree = "<group>"; };
		576E9C6F234E7B9C00199B25 /* Assets.xcassets */ = {isa = PBXFileReference; lastKnownFileType = folder.assetcatalog; path = Assets.xcassets; sourceTree = "<group>"; };
		576E9C72234E7B9C00199B25 /* Base */ = {isa = PBXFileReference; lastKnownFileType = file.storyboard; name = Base; path = Base.lproj/LaunchScreen.storyboard; sourceTree = "<group>"; };
		576E9C74234E7B9C00199B25 /* Info.plist */ = {isa = PBXFileReference; lastKnownFileType = text.plist.xml; path = Info.plist; sourceTree = "<group>"; };
		576E9C79234E7B9C00199B25 /* SNInterviewTests.xctest */ = {isa = PBXFileReference; explicitFileType = wrapper.cfbundle; includeInIndex = 0; path = SNInterviewTests.xctest; sourceTree = BUILT_PRODUCTS_DIR; };
		576E9C7F234E7B9C00199B25 /* Info.plist */ = {isa = PBXFileReference; lastKnownFileType = text.plist.xml; path = Info.plist; sourceTree = "<group>"; };
		576E9C88234EC08400199B25 /* CoffeeShops.json */ = {isa = PBXFileReference; lastKnownFileType = text.json; path = CoffeeShops.json; sourceTree = "<group>"; };
		576E9C8A234EF0D800199B25 /* CoffeeShopItemView.xib */ = {isa = PBXFileReference; lastKnownFileType = file.xib; path = CoffeeShopItemView.xib; sourceTree = "<group>"; };
		576E9C8C234EF29E00199B25 /* CoffeeShopItemView.swift */ = {isa = PBXFileReference; lastKnownFileType = sourcecode.swift; path = CoffeeShopItemView.swift; sourceTree = "<group>"; };
		7A047B7326D997280031FC5E /* README.md */ = {isa = PBXFileReference; fileEncoding = 4; lastKnownFileType = net.daringfireball.markdown; path = README.md; sourceTree = "<group>"; };
		820E4D25281BB47D00C38B64 /* ReviewDetailViewController.swift */ = {isa = PBXFileReference; lastKnownFileType = sourcecode.swift; path = ReviewDetailViewController.swift; sourceTree = "<group>"; };
		820E4D26281BB47D00C38B64 /* ReviewDetailViewController.xib */ = {isa = PBXFileReference; lastKnownFileType = file.xib; path = ReviewDetailViewController.xib; sourceTree = "<group>"; };
		824EAB29281A9C0400E6A8E9 /* ReviewTableViewCell.swift */ = {isa = PBXFileReference; fileEncoding = 4; lastKnownFileType = sourcecode.swift; path = ReviewTableViewCell.swift; sourceTree = "<group>"; };
		824EAB2C281A9C6000E6A8E9 /* UIView+Extension.swift */ = {isa = PBXFileReference; fileEncoding = 4; lastKnownFileType = sourcecode.swift; path = "UIView+Extension.swift"; sourceTree = "<group>"; };
		824EAB2D281A9C6000E6A8E9 /* String+Extension.swift */ = {isa = PBXFileReference; fileEncoding = 4; lastKnownFileType = sourcecode.swift; path = "String+Extension.swift"; sourceTree = "<group>"; };
		824EAB2E281A9C6000E6A8E9 /* UITableView+Extension.swift */ = {isa = PBXFileReference; fileEncoding = 4; lastKnownFileType = sourcecode.swift; path = "UITableView+Extension.swift"; sourceTree = "<group>"; };
		824EAB38281A9DC400E6A8E9 /* CoffeeShop.swift */ = {isa = PBXFileReference; lastKnownFileType = sourcecode.swift; path = CoffeeShop.swift; sourceTree = "<group>"; };
		824EAB65281A9FA300E6A8E9 /* ReviewViewModelTests.swift */ = {isa = PBXFileReference; fileEncoding = 4; lastKnownFileType = sourcecode.swift; path = ReviewViewModelTests.swift; sourceTree = "<group>"; };
		824EAB68281AA6A100E6A8E9 /* SharedTestHelpers.swift */ = {isa = PBXFileReference; fileEncoding = 4; lastKnownFileType = sourcecode.swift; path = SharedTestHelpers.swift; sourceTree = "<group>"; };
		824EAB69281AA6A100E6A8E9 /* XCTestCase+MemoryLeakTracking.swift */ = {isa = PBXFileReference; fileEncoding = 4; lastKnownFileType = sourcecode.swift; path = "XCTestCase+MemoryLeakTracking.swift"; sourceTree = "<group>"; };
		824EAB6D281AB30400E6A8E9 /* ReviewViewModel.swift */ = {isa = PBXFileReference; lastKnownFileType = sourcecode.swift; path = ReviewViewModel.swift; sourceTree = "<group>"; };
		824EAB71281ACB3B00E6A8E9 /* FileUtil.swift */ = {isa = PBXFileReference; lastKnownFileType = sourcecode.swift; path = FileUtil.swift; sourceTree = "<group>"; };
		824EAB73281ACB9300E6A8E9 /* LocalFileReviewLoader.swift */ = {isa = PBXFileReference; lastKnownFileType = sourcecode.swift; path = LocalFileReviewLoader.swift; sourceTree = "<group>"; };
		824EAB76281ACBC700E6A8E9 /* ReviewLoader.swift */ = {isa = PBXFileReference; lastKnownFileType = sourcecode.swift; path = ReviewLoader.swift; sourceTree = "<group>"; };
		824EAB78281ACE1300E6A8E9 /* UIViewController+Extension.swift */ = {isa = PBXFileReference; lastKnownFileType = sourcecode.swift; path = "UIViewController+Extension.swift"; sourceTree = "<group>"; };
		824EAB7B281AE63C00E6A8E9 /* LocalFileReviewLoaderTests.swift */ = {isa = PBXFileReference; lastKnownFileType = sourcecode.swift; path = LocalFileReviewLoaderTests.swift; sourceTree = "<group>"; };
		824EAB7D281AE75100E6A8E9 /* EndPoint.swift */ = {isa = PBXFileReference; lastKnownFileType = sourcecode.swift; path = EndPoint.swift; sourceTree = "<group>"; };
		824EAB7F281AE78300E6A8E9 /* FileEndPoint.swift */ = {isa = PBXFileReference; lastKnownFileType = sourcecode.swift; path = FileEndPoint.swift; sourceTree = "<group>"; };
		824EAB81281AE91C00E6A8E9 /* Invalid.json */ = {isa = PBXFileReference; lastKnownFileType = text.json; path = Invalid.json; sourceTree = "<group>"; };
		824EAB84281AF2C200E6A8E9 /* ViewControllerTests.swift */ = {isa = PBXFileReference; lastKnownFileType = sourcecode.swift; path = ViewControllerTests.swift; sourceTree = "<group>"; };
/* End PBXFileReference section */

/* Begin PBXFrameworksBuildPhase section */
		576E9C62234E7B9900199B25 /* Frameworks */ = {
			isa = PBXFrameworksBuildPhase;
			buildActionMask = 2147483647;
			files = (
			);
			runOnlyForDeploymentPostprocessing = 0;
		};
		576E9C76234E7B9C00199B25 /* Frameworks */ = {
			isa = PBXFrameworksBuildPhase;
			buildActionMask = 2147483647;
			files = (
			);
			runOnlyForDeploymentPostprocessing = 0;
		};
/* End PBXFrameworksBuildPhase section */

/* Begin PBXGroup section */
		576E9C5C234E7B9900199B25 = {
			isa = PBXGroup;
			children = (
				7A047B7326D997280031FC5E /* README.md */,
				576E9C67234E7B9900199B25 /* SNInterview */,
				576E9C7C234E7B9C00199B25 /* SNInterviewTests */,
				576E9C66234E7B9900199B25 /* Products */,
			);
			sourceTree = "<group>";
		};
		576E9C66234E7B9900199B25 /* Products */ = {
			isa = PBXGroup;
			children = (
				576E9C65234E7B9900199B25 /* SNInterview.app */,
				576E9C79234E7B9C00199B25 /* SNInterviewTests.xctest */,
			);
			name = Products;
			sourceTree = "<group>";
		};
		576E9C67234E7B9900199B25 /* SNInterview */ = {
			isa = PBXGroup;
			children = (
				824EAB70281ACB2B00E6A8E9 /* Helper */,
				824EAB36281A9D9800E6A8E9 /* Assets */,
				824EAB34281A9D6300E6A8E9 /* Screens */,
				824EAB2B281A9C6000E6A8E9 /* Extensions */,
				576E9C68234E7B9900199B25 /* AppDelegate.swift */,
				576E9C6C234E7B9900199B25 /* Main.storyboard */,
				576E9C6F234E7B9C00199B25 /* Assets.xcassets */,
				576E9C71234E7B9C00199B25 /* LaunchScreen.storyboard */,
				576E9C74234E7B9C00199B25 /* Info.plist */,
			);
			path = SNInterview;
			sourceTree = "<group>";
		};
		576E9C7C234E7B9C00199B25 /* SNInterviewTests */ = {
			isa = PBXGroup;
			children = (
				824EAB67281AA6A100E6A8E9 /* Helpers */,
				824EAB54281A9F8100E6A8E9 /* Screens */,
				576E9C7F234E7B9C00199B25 /* Info.plist */,
			);
			path = SNInterviewTests;
			sourceTree = "<group>";
		};
		820E4D29281BB49B00C38B64 /* ReviewDetailView */ = {
			isa = PBXGroup;
			children = (
				820E4D25281BB47D00C38B64 /* ReviewDetailViewController.swift */,
				820E4D26281BB47D00C38B64 /* ReviewDetailViewController.xib */,
			);
			path = ReviewDetailView;
			sourceTree = "<group>";
		};
		824EAB28281A9BF100E6A8E9 /* TableCells */ = {
			isa = PBXGroup;
			children = (
				824EAB29281A9C0400E6A8E9 /* ReviewTableViewCell.swift */,
			);
			path = TableCells;
			sourceTree = "<group>";
		};
		824EAB2B281A9C6000E6A8E9 /* Extensions */ = {
			isa = PBXGroup;
			children = (
				824EAB2C281A9C6000E6A8E9 /* UIView+Extension.swift */,
				824EAB2D281A9C6000E6A8E9 /* String+Extension.swift */,
				824EAB2E281A9C6000E6A8E9 /* UITableView+Extension.swift */,
				824EAB78281ACE1300E6A8E9 /* UIViewController+Extension.swift */,
			);
			path = Extensions;
			sourceTree = "<group>";
		};
		824EAB33281A9D5300E6A8E9 /* Reviews */ = {
			isa = PBXGroup;
			children = (
				824EAB6F281ACB1B00E6A8E9 /* Service */,
				824EAB6C281AB2F800E6A8E9 /* ViewModel */,
				824EAB3A281A9DE600E6A8E9 /* View */,
				824EAB37281A9DB100E6A8E9 /* Model */,
			);
			path = Reviews;
			sourceTree = "<group>";
		};
		824EAB34281A9D6300E6A8E9 /* Screens */ = {
			isa = PBXGroup;
			children = (
				824EAB33281A9D5300E6A8E9 /* Reviews */,
			);
			path = Screens;
			sourceTree = "<group>";
		};
		824EAB35281A9D7B00E6A8E9 /* CustomViews */ = {
			isa = PBXGroup;
			children = (
				576E9C8C234EF29E00199B25 /* CoffeeShopItemView.swift */,
				576E9C8A234EF0D800199B25 /* CoffeeShopItemView.xib */,
			);
			path = CustomViews;
			sourceTree = "<group>";
		};
		824EAB36281A9D9800E6A8E9 /* Assets */ = {
			isa = PBXGroup;
			children = (
				576E9C88234EC08400199B25 /* CoffeeShops.json */,
				824EAB81281AE91C00E6A8E9 /* Invalid.json */,
			);
			path = Assets;
			sourceTree = "<group>";
		};
		824EAB37281A9DB100E6A8E9 /* Model */ = {
			isa = PBXGroup;
			children = (
				824EAB38281A9DC400E6A8E9 /* CoffeeShop.swift */,
			);
			path = Model;
			sourceTree = "<group>";
		};
		824EAB3A281A9DE600E6A8E9 /* View */ = {
			isa = PBXGroup;
			children = (
				820E4D29281BB49B00C38B64 /* ReviewDetailView */,
				824EAB28281A9BF100E6A8E9 /* TableCells */,
				824EAB35281A9D7B00E6A8E9 /* CustomViews */,
				576E9C6A234E7B9900199B25 /* ViewController.swift */,
			);
			path = View;
			sourceTree = "<group>";
		};
		824EAB54281A9F8100E6A8E9 /* Screens */ = {
			isa = PBXGroup;
			children = (
				824EAB55281A9F8100E6A8E9 /* Reviews */,
			);
			path = Screens;
			sourceTree = "<group>";
		};
		824EAB55281A9F8100E6A8E9 /* Reviews */ = {
			isa = PBXGroup;
			children = (
				824EAB83281AF2A500E6A8E9 /* View */,
				824EAB7A281AE61900E6A8E9 /* Service */,
				824EAB64281A9F9100E6A8E9 /* ViewModel */,
			);
			path = Reviews;
			sourceTree = "<group>";
		};
		824EAB64281A9F9100E6A8E9 /* ViewModel */ = {
			isa = PBXGroup;
			children = (
				824EAB65281A9FA300E6A8E9 /* ReviewViewModelTests.swift */,
			);
			path = ViewModel;
			sourceTree = "<group>";
		};
		824EAB67281AA6A100E6A8E9 /* Helpers */ = {
			isa = PBXGroup;
			children = (
				824EAB68281AA6A100E6A8E9 /* SharedTestHelpers.swift */,
				824EAB69281AA6A100E6A8E9 /* XCTestCase+MemoryLeakTracking.swift */,
			);
			path = Helpers;
			sourceTree = "<group>";
		};
		824EAB6C281AB2F800E6A8E9 /* ViewModel */ = {
			isa = PBXGroup;
			children = (
				824EAB6D281AB30400E6A8E9 /* ReviewViewModel.swift */,
			);
			path = ViewModel;
			sourceTree = "<group>";
		};
		824EAB6F281ACB1B00E6A8E9 /* Service */ = {
			isa = PBXGroup;
			children = (
				824EAB75281ACBB100E6A8E9 /* Impl */,
				824EAB76281ACBC700E6A8E9 /* ReviewLoader.swift */,
				824EAB7D281AE75100E6A8E9 /* EndPoint.swift */,
			);
			path = Service;
			sourceTree = "<group>";
		};
		824EAB70281ACB2B00E6A8E9 /* Helper */ = {
			isa = PBXGroup;
			children = (
				824EAB71281ACB3B00E6A8E9 /* FileUtil.swift */,
			);
			path = Helper;
			sourceTree = "<group>";
		};
		824EAB75281ACBB100E6A8E9 /* Impl */ = {
			isa = PBXGroup;
			children = (
				824EAB73281ACB9300E6A8E9 /* LocalFileReviewLoader.swift */,
				824EAB7F281AE78300E6A8E9 /* FileEndPoint.swift */,
			);
			path = Impl;
			sourceTree = "<group>";
		};
		824EAB7A281AE61900E6A8E9 /* Service */ = {
			isa = PBXGroup;
			children = (
				824EAB7B281AE63C00E6A8E9 /* LocalFileReviewLoaderTests.swift */,
			);
			path = Service;
			sourceTree = "<group>";
		};
		824EAB83281AF2A500E6A8E9 /* View */ = {
			isa = PBXGroup;
			children = (
				824EAB84281AF2C200E6A8E9 /* ViewControllerTests.swift */,
			);
			path = View;
			sourceTree = "<group>";
		};
/* End PBXGroup section */

/* Begin PBXNativeTarget section */
		576E9C64234E7B9900199B25 /* SNInterview */ = {
			isa = PBXNativeTarget;
			buildConfigurationList = 576E9C82234E7B9C00199B25 /* Build configuration list for PBXNativeTarget "SNInterview" */;
			buildPhases = (
				576E9C61234E7B9900199B25 /* Sources */,
				576E9C62234E7B9900199B25 /* Frameworks */,
				576E9C63234E7B9900199B25 /* Resources */,
			);
			buildRules = (
			);
			dependencies = (
			);
			name = SNInterview;
			productName = SNInterview;
			productReference = 576E9C65234E7B9900199B25 /* SNInterview.app */;
			productType = "com.apple.product-type.application";
		};
		576E9C78234E7B9C00199B25 /* SNInterviewTests */ = {
			isa = PBXNativeTarget;
			buildConfigurationList = 576E9C85234E7B9C00199B25 /* Build configuration list for PBXNativeTarget "SNInterviewTests" */;
			buildPhases = (
				576E9C75234E7B9C00199B25 /* Sources */,
				576E9C76234E7B9C00199B25 /* Frameworks */,
				576E9C77234E7B9C00199B25 /* Resources */,
			);
			buildRules = (
			);
			dependencies = (
				576E9C7B234E7B9C00199B25 /* PBXTargetDependency */,
			);
			name = SNInterviewTests;
			productName = SNInterviewTests;
			productReference = 576E9C79234E7B9C00199B25 /* SNInterviewTests.xctest */;
			productType = "com.apple.product-type.bundle.unit-test";
		};
/* End PBXNativeTarget section */

/* Begin PBXProject section */
		576E9C5D234E7B9900199B25 /* Project object */ = {
			isa = PBXProject;
			attributes = {
				LastSwiftUpdateCheck = 1030;
				LastUpgradeCheck = 1310;
				ORGANIZATIONNAME = ServiceNow;
				TargetAttributes = {
					576E9C64234E7B9900199B25 = {
						CreatedOnToolsVersion = 10.3;
					};
					576E9C78234E7B9C00199B25 = {
						CreatedOnToolsVersion = 10.3;
						TestTargetID = 576E9C64234E7B9900199B25;
					};
				};
			};
			buildConfigurationList = 576E9C60234E7B9900199B25 /* Build configuration list for PBXProject "SNInterview" */;
			compatibilityVersion = "Xcode 9.3";
			developmentRegion = en;
			hasScannedForEncodings = 0;
			knownRegions = (
				en,
				Base,
			);
			mainGroup = 576E9C5C234E7B9900199B25;
			productRefGroup = 576E9C66234E7B9900199B25 /* Products */;
			projectDirPath = "";
			projectRoot = "";
			targets = (
				576E9C64234E7B9900199B25 /* SNInterview */,
				576E9C78234E7B9C00199B25 /* SNInterviewTests */,
			);
		};
/* End PBXProject section */

/* Begin PBXResourcesBuildPhase section */
		576E9C63234E7B9900199B25 /* Resources */ = {
			isa = PBXResourcesBuildPhase;
			buildActionMask = 2147483647;
			files = (
				7A047B7426D997280031FC5E /* README.md in Resources */,
				576E9C73234E7B9C00199B25 /* LaunchScreen.storyboard in Resources */,
				576E9C8B234EF0D800199B25 /* CoffeeShopItemView.xib in Resources */,
				820E4D28281BB47D00C38B64 /* ReviewDetailViewController.xib in Resources */,
				576E9C89234EC08400199B25 /* CoffeeShops.json in Resources */,
				824EAB82281AE91C00E6A8E9 /* Invalid.json in Resources */,
				576E9C70234E7B9C00199B25 /* Assets.xcassets in Resources */,
				576E9C6E234E7B9900199B25 /* Main.storyboard in Resources */,
			);
			runOnlyForDeploymentPostprocessing = 0;
		};
		576E9C77234E7B9C00199B25 /* Resources */ = {
			isa = PBXResourcesBuildPhase;
			buildActionMask = 2147483647;
			files = (
			);
			runOnlyForDeploymentPostprocessing = 0;
		};
/* End PBXResourcesBuildPhase section */

/* Begin PBXSourcesBuildPhase section */
		576E9C61234E7B9900199B25 /* Sources */ = {
			isa = PBXSourcesBuildPhase;
			buildActionMask = 2147483647;
			files = (
				824EAB74281ACB9300E6A8E9 /* LocalFileReviewLoader.swift in Sources */,
				824EAB79281ACE1300E6A8E9 /* UIViewController+Extension.swift in Sources */,
				824EAB77281ACBC700E6A8E9 /* ReviewLoader.swift in Sources */,
				824EAB2F281A9C6000E6A8E9 /* UIView+Extension.swift in Sources */,
				824EAB6E281AB30400E6A8E9 /* ReviewViewModel.swift in Sources */,
				824EAB30281A9C6000E6A8E9 /* String+Extension.swift in Sources */,
				576E9C6B234E7B9900199B25 /* ViewController.swift in Sources */,
				824EAB2A281A9C0400E6A8E9 /* ReviewTableViewCell.swift in Sources */,
				576E9C69234E7B9900199B25 /* AppDelegate.swift in Sources */,
				824EAB39281A9DC400E6A8E9 /* CoffeeShop.swift in Sources */,
				576E9C8D234EF29E00199B25 /* CoffeeShopItemView.swift in Sources */,
				824EAB80281AE78300E6A8E9 /* FileEndPoint.swift in Sources */,
				824EAB31281A9C6000E6A8E9 /* UITableView+Extension.swift in Sources */,
				824EAB7E281AE75100E6A8E9 /* EndPoint.swift in Sources */,
				820E4D27281BB47D00C38B64 /* ReviewDetailViewController.swift in Sources */,
				824EAB72281ACB3B00E6A8E9 /* FileUtil.swift in Sources */,
			);
			runOnlyForDeploymentPostprocessing = 0;
		};
		576E9C75234E7B9C00199B25 /* Sources */ = {
			isa = PBXSourcesBuildPhase;
			buildActionMask = 2147483647;
			files = (
				824EAB85281AF2C200E6A8E9 /* ViewControllerTests.swift in Sources */,
				824EAB66281A9FA300E6A8E9 /* ReviewViewModelTests.swift in Sources */,
				824EAB6B281AA6A100E6A8E9 /* XCTestCase+MemoryLeakTracking.swift in Sources */,
				824EAB6A281AA6A100E6A8E9 /* SharedTestHelpers.swift in Sources */,
				824EAB7C281AE63C00E6A8E9 /* LocalFileReviewLoaderTests.swift in Sources */,
			);
			runOnlyForDeploymentPostprocessing = 0;
		};
/* End PBXSourcesBuildPhase section */

/* Begin PBXTargetDependency section */
		576E9C7B234E7B9C00199B25 /* PBXTargetDependency */ = {
			isa = PBXTargetDependency;
			target = 576E9C64234E7B9900199B25 /* SNInterview */;
			targetProxy = 576E9C7A234E7B9C00199B25 /* PBXContainerItemProxy */;
		};
/* End PBXTargetDependency section */

/* Begin PBXVariantGroup section */
		576E9C6C234E7B9900199B25 /* Main.storyboard */ = {
			isa = PBXVariantGroup;
			children = (
				576E9C6D234E7B9900199B25 /* Base */,
			);
			name = Main.storyboard;
			sourceTree = "<group>";
		};
		576E9C71234E7B9C00199B25 /* LaunchScreen.storyboard */ = {
			isa = PBXVariantGroup;
			children = (
				576E9C72234E7B9C00199B25 /* Base */,
			);
			name = LaunchScreen.storyboard;
			sourceTree = "<group>";
		};
/* End PBXVariantGroup section */

/* Begin XCBuildConfiguration section */
		576E9C80234E7B9C00199B25 /* Debug */ = {
			isa = XCBuildConfiguration;
			buildSettings = {
				ALWAYS_SEARCH_USER_PATHS = NO;
				CLANG_ANALYZER_NONNULL = YES;
				CLANG_ANALYZER_NUMBER_OBJECT_CONVERSION = YES_AGGRESSIVE;
				CLANG_CXX_LANGUAGE_STANDARD = "gnu++14";
				CLANG_CXX_LIBRARY = "libc++";
				CLANG_ENABLE_MODULES = YES;
				CLANG_ENABLE_OBJC_ARC = YES;
				CLANG_ENABLE_OBJC_WEAK = YES;
				CLANG_WARN_BLOCK_CAPTURE_AUTORELEASING = YES;
				CLANG_WARN_BOOL_CONVERSION = YES;
				CLANG_WARN_COMMA = YES;
				CLANG_WARN_CONSTANT_CONVERSION = YES;
				CLANG_WARN_DEPRECATED_OBJC_IMPLEMENTATIONS = YES;
				CLANG_WARN_DIRECT_OBJC_ISA_USAGE = YES_ERROR;
				CLANG_WARN_DOCUMENTATION_COMMENTS = YES;
				CLANG_WARN_EMPTY_BODY = YES;
				CLANG_WARN_ENUM_CONVERSION = YES;
				CLANG_WARN_INFINITE_RECURSION = YES;
				CLANG_WARN_INT_CONVERSION = YES;
				CLANG_WARN_NON_LITERAL_NULL_CONVERSION = YES;
				CLANG_WARN_OBJC_IMPLICIT_RETAIN_SELF = YES;
				CLANG_WARN_OBJC_LITERAL_CONVERSION = YES;
				CLANG_WARN_OBJC_ROOT_CLASS = YES_ERROR;
				CLANG_WARN_QUOTED_INCLUDE_IN_FRAMEWORK_HEADER = YES;
				CLANG_WARN_RANGE_LOOP_ANALYSIS = YES;
				CLANG_WARN_STRICT_PROTOTYPES = YES;
				CLANG_WARN_SUSPICIOUS_MOVE = YES;
				CLANG_WARN_UNGUARDED_AVAILABILITY = YES_AGGRESSIVE;
				CLANG_WARN_UNREACHABLE_CODE = YES;
				CLANG_WARN__DUPLICATE_METHOD_MATCH = YES;
				CODE_SIGN_IDENTITY = "iPhone Developer";
				COPY_PHASE_STRIP = NO;
				DEBUG_INFORMATION_FORMAT = dwarf;
				ENABLE_STRICT_OBJC_MSGSEND = YES;
				ENABLE_TESTABILITY = YES;
				GCC_C_LANGUAGE_STANDARD = gnu11;
				GCC_DYNAMIC_NO_PIC = NO;
				GCC_NO_COMMON_BLOCKS = YES;
				GCC_OPTIMIZATION_LEVEL = 0;
				GCC_PREPROCESSOR_DEFINITIONS = (
					"DEBUG=1",
					"$(inherited)",
				);
				GCC_WARN_64_TO_32_BIT_CONVERSION = YES;
				GCC_WARN_ABOUT_RETURN_TYPE = YES_ERROR;
				GCC_WARN_UNDECLARED_SELECTOR = YES;
				GCC_WARN_UNINITIALIZED_AUTOS = YES_AGGRESSIVE;
				GCC_WARN_UNUSED_FUNCTION = YES;
				GCC_WARN_UNUSED_VARIABLE = YES;
				IPHONEOS_DEPLOYMENT_TARGET = 13.0;
				MTL_ENABLE_DEBUG_INFO = INCLUDE_SOURCE;
				MTL_FAST_MATH = YES;
				ONLY_ACTIVE_ARCH = YES;
				SDKROOT = iphoneos;
				SWIFT_ACTIVE_COMPILATION_CONDITIONS = DEBUG;
				SWIFT_OPTIMIZATION_LEVEL = "-Onone";
			};
			name = Debug;
		};
		576E9C81234E7B9C00199B25 /* Release */ = {
			isa = XCBuildConfiguration;
			buildSettings = {
				ALWAYS_SEARCH_USER_PATHS = NO;
				CLANG_ANALYZER_NONNULL = YES;
				CLANG_ANALYZER_NUMBER_OBJECT_CONVERSION = YES_AGGRESSIVE;
				CLANG_CXX_LANGUAGE_STANDARD = "gnu++14";
				CLANG_CXX_LIBRARY = "libc++";
				CLANG_ENABLE_MODULES = YES;
				CLANG_ENABLE_OBJC_ARC = YES;
				CLANG_ENABLE_OBJC_WEAK = YES;
				CLANG_WARN_BLOCK_CAPTURE_AUTORELEASING = YES;
				CLANG_WARN_BOOL_CONVERSION = YES;
				CLANG_WARN_COMMA = YES;
				CLANG_WARN_CONSTANT_CONVERSION = YES;
				CLANG_WARN_DEPRECATED_OBJC_IMPLEMENTATIONS = YES;
				CLANG_WARN_DIRECT_OBJC_ISA_USAGE = YES_ERROR;
				CLANG_WARN_DOCUMENTATION_COMMENTS = YES;
				CLANG_WARN_EMPTY_BODY = YES;
				CLANG_WARN_ENUM_CONVERSION = YES;
				CLANG_WARN_INFINITE_RECURSION = YES;
				CLANG_WARN_INT_CONVERSION = YES;
				CLANG_WARN_NON_LITERAL_NULL_CONVERSION = YES;
				CLANG_WARN_OBJC_IMPLICIT_RETAIN_SELF = YES;
				CLANG_WARN_OBJC_LITERAL_CONVERSION = YES;
				CLANG_WARN_OBJC_ROOT_CLASS = YES_ERROR;
				CLANG_WARN_QUOTED_INCLUDE_IN_FRAMEWORK_HEADER = YES;
				CLANG_WARN_RANGE_LOOP_ANALYSIS = YES;
				CLANG_WARN_STRICT_PROTOTYPES = YES;
				CLANG_WARN_SUSPICIOUS_MOVE = YES;
				CLANG_WARN_UNGUARDED_AVAILABILITY = YES_AGGRESSIVE;
				CLANG_WARN_UNREACHABLE_CODE = YES;
				CLANG_WARN__DUPLICATE_METHOD_MATCH = YES;
				CODE_SIGN_IDENTITY = "iPhone Developer";
				COPY_PHASE_STRIP = NO;
				DEBUG_INFORMATION_FORMAT = "dwarf-with-dsym";
				ENABLE_NS_ASSERTIONS = NO;
				ENABLE_STRICT_OBJC_MSGSEND = YES;
				GCC_C_LANGUAGE_STANDARD = gnu11;
				GCC_NO_COMMON_BLOCKS = YES;
				GCC_WARN_64_TO_32_BIT_CONVERSION = YES;
				GCC_WARN_ABOUT_RETURN_TYPE = YES_ERROR;
				GCC_WARN_UNDECLARED_SELECTOR = YES;
				GCC_WARN_UNINITIALIZED_AUTOS = YES_AGGRESSIVE;
				GCC_WARN_UNUSED_FUNCTION = YES;
				GCC_WARN_UNUSED_VARIABLE = YES;
				IPHONEOS_DEPLOYMENT_TARGET = 13.0;
				MTL_ENABLE_DEBUG_INFO = NO;
				MTL_FAST_MATH = YES;
				SDKROOT = iphoneos;
				SWIFT_COMPILATION_MODE = wholemodule;
				SWIFT_OPTIMIZATION_LEVEL = "-O";
				VALIDATE_PRODUCT = YES;
			};
			name = Release;
		};
		576E9C83234E7B9C00199B25 /* Debug */ = {
			isa = XCBuildConfiguration;
			buildSettings = {
				ASSETCATALOG_COMPILER_APPICON_NAME = AppIcon;
				CODE_SIGN_STYLE = Automatic;
				DEVELOPMENT_TEAM = AS2BZHDV7Q;
				INFOPLIST_FILE = SNInterview/Info.plist;
				LD_RUNPATH_SEARCH_PATHS = (
					"$(inherited)",
					"@executable_path/Frameworks",
				);
				PRODUCT_BUNDLE_IDENTIFIER = com.servicenow.SNInterview;
				PRODUCT_NAME = "$(TARGET_NAME)";
				SWIFT_VERSION = 5.0;
				TARGETED_DEVICE_FAMILY = "1,2";
			};
			name = Debug;
		};
		576E9C84234E7B9C00199B25 /* Release */ = {
			isa = XCBuildConfiguration;
			buildSettings = {
				ASSETCATALOG_COMPILER_APPICON_NAME = AppIcon;
				CODE_SIGN_STYLE = Automatic;
				DEVELOPMENT_TEAM = AS2BZHDV7Q;
				INFOPLIST_FILE = SNInterview/Info.plist;
				LD_RUNPATH_SEARCH_PATHS = (
					"$(inherited)",
					"@executable_path/Frameworks",
				);
				PRODUCT_BUNDLE_IDENTIFIER = com.servicenow.SNInterview;
				PRODUCT_NAME = "$(TARGET_NAME)";
				SWIFT_VERSION = 5.0;
				TARGETED_DEVICE_FAMILY = "1,2";
			};
			name = Release;
		};
		576E9C86234E7B9C00199B25 /* Debug */ = {
			isa = XCBuildConfiguration;
			buildSettings = {
				ALWAYS_EMBED_SWIFT_STANDARD_LIBRARIES = YES;
				BUNDLE_LOADER = "$(TEST_HOST)";
				CODE_SIGN_STYLE = Automatic;
				DEVELOPMENT_TEAM = AS2BZHDV7Q;
				INFOPLIST_FILE = SNInterviewTests/Info.plist;
				LD_RUNPATH_SEARCH_PATHS = (
					"$(inherited)",
					"@executable_path/Frameworks",
					"@loader_path/Frameworks",
				);
				PRODUCT_BUNDLE_IDENTIFIER = com.servicenow.SNInterviewTests;
				PRODUCT_NAME = "$(TARGET_NAME)";
				SWIFT_VERSION = 5.0;
				TARGETED_DEVICE_FAMILY = "1,2";
				TEST_HOST = "$(BUILT_PRODUCTS_DIR)/SNInterview.app/SNInterview";
			};
			name = Debug;
		};
		576E9C87234E7B9C00199B25 /* Release */ = {
			isa = XCBuildConfiguration;
			buildSettings = {
				ALWAYS_EMBED_SWIFT_STANDARD_LIBRARIES = YES;
				BUNDLE_LOADER = "$(TEST_HOST)";
				CODE_SIGN_STYLE = Automatic;
				DEVELOPMENT_TEAM = AS2BZHDV7Q;
				INFOPLIST_FILE = SNInterviewTests/Info.plist;
				LD_RUNPATH_SEARCH_PATHS = (
					"$(inherited)",
					"@executable_path/Frameworks",
					"@loader_path/Frameworks",
				);
				PRODUCT_BUNDLE_IDENTIFIER = com.servicenow.SNInterviewTests;
				PRODUCT_NAME = "$(TARGET_NAME)";
				SWIFT_VERSION = 5.0;
				TARGETED_DEVICE_FAMILY = "1,2";
				TEST_HOST = "$(BUILT_PRODUCTS_DIR)/SNInterview.app/SNInterview";
			};
			name = Release;
		};
/* End XCBuildConfiguration section */

/* Begin XCConfigurationList section */
		576E9C60234E7B9900199B25 /* Build configuration list for PBXProject "SNInterview" */ = {
			isa = XCConfigurationList;
			buildConfigurations = (
				576E9C80234E7B9C00199B25 /* Debug */,
				576E9C81234E7B9C00199B25 /* Release */,
			);
			defaultConfigurationIsVisible = 0;
			defaultConfigurationName = Release;
		};
		576E9C82234E7B9C00199B25 /* Build configuration list for PBXNativeTarget "SNInterview" */ = {
			isa = XCConfigurationList;
			buildConfigurations = (
				576E9C83234E7B9C00199B25 /* Debug */,
				576E9C84234E7B9C00199B25 /* Release */,
			);
			defaultConfigurationIsVisible = 0;
			defaultConfigurationName = Release;
		};
		576E9C85234E7B9C00199B25 /* Build configuration list for PBXNativeTarget "SNInterviewTests" */ = {
			isa = XCConfigurationList;
			buildConfigurations = (
				576E9C86234E7B9C00199B25 /* Debug */,
				576E9C87234E7B9C00199B25 /* Release */,
			);
			defaultConfigurationIsVisible = 0;
			defaultConfigurationName = Release;
		};
/* End XCConfigurationList section */
	};
	rootObject = 576E9C5D234E7B9900199B25 /* Project object */;
}
